// !$*UTF8*$!
{
	archiveVersion = 1;
	classes = {
	};
	objectVersion = 55;
	objects = {

/* Begin PBXBuildFile section */
		251F91F9282A9EC500D91309 /* CatalogueApp.swift in Sources */ = {isa = PBXBuildFile; fileRef = 251F91F8282A9EC500D91309 /* CatalogueApp.swift */; };
		251F91FB282A9EC500D91309 /* CatalogueView.swift in Sources */ = {isa = PBXBuildFile; fileRef = 251F91FA282A9EC500D91309 /* CatalogueView.swift */; };
		251F91FD282A9EC700D91309 /* Assets.xcassets in Resources */ = {isa = PBXBuildFile; fileRef = 251F91FC282A9EC700D91309 /* Assets.xcassets */; };
		251F9200282A9EC700D91309 /* Preview Assets.xcassets in Resources */ = {isa = PBXBuildFile; fileRef = 251F91FF282A9EC700D91309 /* Preview Assets.xcassets */; };
		25DB7AB028327B6D00DB14FF /* AlimentFight.swift in Sources */ = {isa = PBXBuildFile; fileRef = 25DB7AAF28327B6D00DB14FF /* AlimentFight.swift */; };
		25EEB95F282BEA2600ACC186 /* Detail.swift in Sources */ = {isa = PBXBuildFile; fileRef = 25EEB95E282BEA2600ACC186 /* Detail.swift */; };
		25EEB963282CEF6900ACC186 /* Comparatif.swift in Sources */ = {isa = PBXBuildFile; fileRef = 25EEB962282CEF6900ACC186 /* Comparatif.swift */; };
		25EEB967282D2F3E00ACC186 /* Comparateur.swift in Sources */ = {isa = PBXBuildFile; fileRef = 25EEB966282D2F3E00ACC186 /* Comparateur.swift */; };
		25EEB985282E83A100ACC186 /* Catalogue.swift in Sources */ = {isa = PBXBuildFile; fileRef = 25EEB984282E83A100ACC186 /* Catalogue.swift */; };
		25EEB987282E8B7700ACC186 /* Color.swift in Sources */ = {isa = PBXBuildFile; fileRef = 25EEB986282E8B7700ACC186 /* Color.swift */; };
		25F53AD1282EA8D300C0238E /* Scan.swift in Sources */ = {isa = PBXBuildFile; fileRef = 25F53AD0282EA8D300C0238E /* Scan.swift */; };
		E8FC67DC2834EED400DB1934 /* Animaux.swift in Sources */ = {isa = PBXBuildFile; fileRef = E8FC67DB2834EED400DB1934 /* Animaux.swift */; };
/* End PBXBuildFile section */

/* Begin PBXFileReference section */
		251F91F5282A9EC500D91309 /* Catalogue.app */ = {isa = PBXFileReference; explicitFileType = wrapper.application; includeInIndex = 0; path = Catalogue.app; sourceTree = BUILT_PRODUCTS_DIR; };
		251F91F8282A9EC500D91309 /* CatalogueApp.swift */ = {isa = PBXFileReference; lastKnownFileType = sourcecode.swift; path = CatalogueApp.swift; sourceTree = "<group>"; };
		251F91FA282A9EC500D91309 /* CatalogueView.swift */ = {isa = PBXFileReference; lastKnownFileType = sourcecode.swift; path = CatalogueView.swift; sourceTree = "<group>"; };
		251F91FC282A9EC700D91309 /* Assets.xcassets */ = {isa = PBXFileReference; lastKnownFileType = folder.assetcatalog; path = Assets.xcassets; sourceTree = "<group>"; };
		251F91FF282A9EC700D91309 /* Preview Assets.xcassets */ = {isa = PBXFileReference; lastKnownFileType = folder.assetcatalog; path = "Preview Assets.xcassets"; sourceTree = "<group>"; };
		25DB7AAF28327B6D00DB14FF /* AlimentFight.swift */ = {isa = PBXFileReference; lastKnownFileType = sourcecode.swift; path = AlimentFight.swift; sourceTree = "<group>"; };
		25EEB95E282BEA2600ACC186 /* Detail.swift */ = {isa = PBXFileReference; lastKnownFileType = sourcecode.swift; path = Detail.swift; sourceTree = "<group>"; };
		25EEB962282CEF6900ACC186 /* Comparatif.swift */ = {isa = PBXFileReference; lastKnownFileType = sourcecode.swift; path = Comparatif.swift; sourceTree = "<group>"; };
		25EEB966282D2F3E00ACC186 /* Comparateur.swift */ = {isa = PBXFileReference; lastKnownFileType = sourcecode.swift; path = Comparateur.swift; sourceTree = "<group>"; };
		25EEB984282E83A100ACC186 /* Catalogue.swift */ = {isa = PBXFileReference; lastKnownFileType = sourcecode.swift; path = Catalogue.swift; sourceTree = "<group>"; };
		25EEB986282E8B7700ACC186 /* Color.swift */ = {isa = PBXFileReference; lastKnownFileType = sourcecode.swift; path = Color.swift; sourceTree = "<group>"; };
		25F53AD0282EA8D300C0238E /* Scan.swift */ = {isa = PBXFileReference; lastKnownFileType = sourcecode.swift; path = Scan.swift; sourceTree = "<group>"; };
		E8FC67DB2834EED400DB1934 /* Animaux.swift */ = {isa = PBXFileReference; fileEncoding = 4; lastKnownFileType = sourcecode.swift; path = Animaux.swift; sourceTree = "<group>"; };
/* End PBXFileReference section */

/* Begin PBXFrameworksBuildPhase section */
		251F91F2282A9EC500D91309 /* Frameworks */ = {
			isa = PBXFrameworksBuildPhase;
			buildActionMask = 2147483647;
			files = (
			);
			runOnlyForDeploymentPostprocessing = 0;
		};
/* End PBXFrameworksBuildPhase section */

/* Begin PBXGroup section */
		251F91EC282A9EC500D91309 = {
			isa = PBXGroup;
			children = (
				251F91F7282A9EC500D91309 /* Catalogue */,
				251F91F6282A9EC500D91309 /* Products */,
			);
			sourceTree = "<group>";
		};
		251F91F6282A9EC500D91309 /* Products */ = {
			isa = PBXGroup;
			children = (
				251F91F5282A9EC500D91309 /* Catalogue.app */,
			);
			name = Products;
			sourceTree = "<group>";
		};
		251F91F7282A9EC500D91309 /* Catalogue */ = {
			isa = PBXGroup;
			children = (
				251F91F8282A9EC500D91309 /* CatalogueApp.swift */,
				251F91FA282A9EC500D91309 /* CatalogueView.swift */,
				25EEB962282CEF6900ACC186 /* Comparatif.swift */,
				25EEB95E282BEA2600ACC186 /* Detail.swift */,
				25EEB966282D2F3E00ACC186 /* Comparateur.swift */,
				E8FC67DB2834EED400DB1934 /* Animaux.swift */,
				25DB7AAF28327B6D00DB14FF /* AlimentFight.swift */,
				25EEB984282E83A100ACC186 /* Catalogue.swift */,
				25EEB986282E8B7700ACC186 /* Color.swift */,
				25F53AD0282EA8D300C0238E /* Scan.swift */,
				251F91FC282A9EC700D91309 /* Assets.xcassets */,
				251F91FE282A9EC700D91309 /* Preview Content */,
			);
			path = Catalogue;
			sourceTree = "<group>";
		};
		251F91FE282A9EC700D91309 /* Preview Content */ = {
			isa = PBXGroup;
			children = (
				251F91FF282A9EC700D91309 /* Preview Assets.xcassets */,
			);
			path = "Preview Content";
			sourceTree = "<group>";
		};
/* End PBXGroup section */

/* Begin PBXNativeTarget section */
		251F91F4282A9EC500D91309 /* Catalogue */ = {
			isa = PBXNativeTarget;
			buildConfigurationList = 251F9203282A9EC700D91309 /* Build configuration list for PBXNativeTarget "Catalogue" */;
			buildPhases = (
				251F91F1282A9EC500D91309 /* Sources */,
				251F91F2282A9EC500D91309 /* Frameworks */,
				251F91F3282A9EC500D91309 /* Resources */,
			);
			buildRules = (
			);
			dependencies = (
			);
			name = Catalogue;
			productName = Catalogue;
			productReference = 251F91F5282A9EC500D91309 /* Catalogue.app */;
			productType = "com.apple.product-type.application";
		};
/* End PBXNativeTarget section */

/* Begin PBXProject section */
		251F91ED282A9EC500D91309 /* Project object */ = {
			isa = PBXProject;
			attributes = {
				BuildIndependentTargetsInParallel = 1;
				LastSwiftUpdateCheck = 1330;
				LastUpgradeCheck = 1330;
				TargetAttributes = {
					251F91F4282A9EC500D91309 = {
						CreatedOnToolsVersion = 13.3.1;
					};
				};
			};
			buildConfigurationList = 251F91F0282A9EC500D91309 /* Build configuration list for PBXProject "Catalogue" */;
			compatibilityVersion = "Xcode 13.0";
			developmentRegion = en;
			hasScannedForEncodings = 0;
			knownRegions = (
				en,
				Base,
			);
			mainGroup = 251F91EC282A9EC500D91309;
			productRefGroup = 251F91F6282A9EC500D91309 /* Products */;
			projectDirPath = "";
			projectRoot = "";
			targets = (
				251F91F4282A9EC500D91309 /* Catalogue */,
			);
		};
/* End PBXProject section */

/* Begin PBXResourcesBuildPhase section */
		251F91F3282A9EC500D91309 /* Resources */ = {
			isa = PBXResourcesBuildPhase;
			buildActionMask = 2147483647;
			files = (
				251F9200282A9EC700D91309 /* Preview Assets.xcassets in Resources */,
				251F91FD282A9EC700D91309 /* Assets.xcassets in Resources */,
			);
			runOnlyForDeploymentPostprocessing = 0;
		};
/* End PBXResourcesBuildPhase section */

/* Begin PBXSourcesBuildPhase section */
		251F91F1282A9EC500D91309 /* Sources */ = {
			isa = PBXSourcesBuildPhase;
			buildActionMask = 2147483647;
			files = (
				251F91FB282A9EC500D91309 /* CatalogueView.swift in Sources */,
				E8FC67DC2834EED400DB1934 /* Animaux.swift in Sources */,
				251F91F9282A9EC500D91309 /* CatalogueApp.swift in Sources */,
				25F53AD1282EA8D300C0238E /* Scan.swift in Sources */,
				25EEB95F282BEA2600ACC186 /* Detail.swift in Sources */,
				25EEB963282CEF6900ACC186 /* Comparatif.swift in Sources */,
				25EEB987282E8B7700ACC186 /* Color.swift in Sources */,
				25DB7AB028327B6D00DB14FF /* AlimentFight.swift in Sources */,
				25EEB985282E83A100ACC186 /* Catalogue.swift in Sources */,
				25EEB967282D2F3E00ACC186 /* Comparateur.swift in Sources */,
			);
			runOnlyForDeploymentPostprocessing = 0;
		};
/* End PBXSourcesBuildPhase section */

/* Begin XCBuildConfiguration section */
		251F9201282A9EC700D91309 /* Debug */ = {
			isa = XCBuildConfiguration;
			buildSettings = {
				ALWAYS_SEARCH_USER_PATHS = NO;
				CLANG_ANALYZER_NONNULL = YES;
				CLANG_ANALYZER_NUMBER_OBJECT_CONVERSION = YES_AGGRESSIVE;
				CLANG_CXX_LANGUAGE_STANDARD = "gnu++17";
				CLANG_ENABLE_MODULES = YES;
				CLANG_ENABLE_OBJC_ARC = YES;
				CLANG_ENABLE_OBJC_WEAK = YES;
				CLANG_WARN_BLOCK_CAPTURE_AUTORELEASING = YES;
				CLANG_WARN_BOOL_CONVERSION = YES;
				CLANG_WARN_COMMA = YES;
				CLANG_WARN_CONSTANT_CONVERSION = YES;
				CLANG_WARN_DEPRECATED_OBJC_IMPLEMENTATIONS = YES;
				CLANG_WARN_DIRECT_OBJC_ISA_USAGE = YES_ERROR;
				CLANG_WARN_DOCUMENTATION_COMMENTS = YES;
				CLANG_WARN_EMPTY_BODY = YES;
				CLANG_WARN_ENUM_CONVERSION = YES;
				CLANG_WARN_INFINITE_RECURSION = YES;
				CLANG_WARN_INT_CONVERSION = YES;
				CLANG_WARN_NON_LITERAL_NULL_CONVERSION = YES;
				CLANG_WARN_OBJC_IMPLICIT_RETAIN_SELF = YES;
				CLANG_WARN_OBJC_LITERAL_CONVERSION = YES;
				CLANG_WARN_OBJC_ROOT_CLASS = YES_ERROR;
				CLANG_WARN_QUOTED_INCLUDE_IN_FRAMEWORK_HEADER = YES;
				CLANG_WARN_RANGE_LOOP_ANALYSIS = YES;
				CLANG_WARN_STRICT_PROTOTYPES = YES;
				CLANG_WARN_SUSPICIOUS_MOVE = YES;
				CLANG_WARN_UNGUARDED_AVAILABILITY = YES_AGGRESSIVE;
				CLANG_WARN_UNREACHABLE_CODE = YES;
				CLANG_WARN__DUPLICATE_METHOD_MATCH = YES;
				COPY_PHASE_STRIP = NO;
				DEBUG_INFORMATION_FORMAT = dwarf;
				ENABLE_STRICT_OBJC_MSGSEND = YES;
				ENABLE_TESTABILITY = YES;
				GCC_C_LANGUAGE_STANDARD = gnu11;
				GCC_DYNAMIC_NO_PIC = NO;
				GCC_NO_COMMON_BLOCKS = YES;
				GCC_OPTIMIZATION_LEVEL = 0;
				GCC_PREPROCESSOR_DEFINITIONS = (
					"DEBUG=1",
					"$(inherited)",
				);
				GCC_WARN_64_TO_32_BIT_CONVERSION = YES;
				GCC_WARN_ABOUT_RETURN_TYPE = YES_ERROR;
				GCC_WARN_UNDECLARED_SELECTOR = YES;
				GCC_WARN_UNINITIALIZED_AUTOS = YES_AGGRESSIVE;
				GCC_WARN_UNUSED_FUNCTION = YES;
				GCC_WARN_UNUSED_VARIABLE = YES;
				IPHONEOS_DEPLOYMENT_TARGET = 15.4;
				MTL_ENABLE_DEBUG_INFO = INCLUDE_SOURCE;
				MTL_FAST_MATH = YES;
				ONLY_ACTIVE_ARCH = YES;
				SDKROOT = iphoneos;
				SWIFT_ACTIVE_COMPILATION_CONDITIONS = DEBUG;
				SWIFT_OPTIMIZATION_LEVEL = "-Onone";
			};
			name = Debug;
		};
		251F9202282A9EC700D91309 /* Release */ = {
			isa = XCBuildConfiguration;
			buildSettings = {
				ALWAYS_SEARCH_USER_PATHS = NO;
				CLANG_ANALYZER_NONNULL = YES;
				CLANG_ANALYZER_NUMBER_OBJECT_CONVERSION = YES_AGGRESSIVE;
				CLANG_CXX_LANGUAGE_STANDARD = "gnu++17";
				CLANG_ENABLE_MODULES = YES;
				CLANG_ENABLE_OBJC_ARC = YES;
				CLANG_ENABLE_OBJC_WEAK = YES;
				CLANG_WARN_BLOCK_CAPTURE_AUTORELEASING = YES;
				CLANG_WARN_BOOL_CONVERSION = YES;
				CLANG_WARN_COMMA = YES;
				CLANG_WARN_CONSTANT_CONVERSION = YES;
				CLANG_WARN_DEPRECATED_OBJC_IMPLEMENTATIONS = YES;
				CLANG_WARN_DIRECT_OBJC_ISA_USAGE = YES_ERROR;
				CLANG_WARN_DOCUMENTATION_COMMENTS = YES;
				CLANG_WARN_EMPTY_BODY = YES;
				CLANG_WARN_ENUM_CONVERSION = YES;
				CLANG_WARN_INFINITE_RECURSION = YES;
				CLANG_WARN_INT_CONVERSION = YES;
				CLANG_WARN_NON_LITERAL_NULL_CONVERSION = YES;
				CLANG_WARN_OBJC_IMPLICIT_RETAIN_SELF = YES;
				CLANG_WARN_OBJC_LITERAL_CONVERSION = YES;
				CLANG_WARN_OBJC_ROOT_CLASS = YES_ERROR;
				CLANG_WARN_QUOTED_INCLUDE_IN_FRAMEWORK_HEADER = YES;
				CLANG_WARN_RANGE_LOOP_ANALYSIS = YES;
				CLANG_WARN_STRICT_PROTOTYPES = YES;
				CLANG_WARN_SUSPICIOUS_MOVE = YES;
				CLANG_WARN_UNGUARDED_AVAILABILITY = YES_AGGRESSIVE;
				CLANG_WARN_UNREACHABLE_CODE = YES;
				CLANG_WARN__DUPLICATE_METHOD_MATCH = YES;
				COPY_PHASE_STRIP = NO;
				DEBUG_INFORMATION_FORMAT = "dwarf-with-dsym";
				ENABLE_NS_ASSERTIONS = NO;
				ENABLE_STRICT_OBJC_MSGSEND = YES;
				GCC_C_LANGUAGE_STANDARD = gnu11;
				GCC_NO_COMMON_BLOCKS = YES;
				GCC_WARN_64_TO_32_BIT_CONVERSION = YES;
				GCC_WARN_ABOUT_RETURN_TYPE = YES_ERROR;
				GCC_WARN_UNDECLARED_SELECTOR = YES;
				GCC_WARN_UNINITIALIZED_AUTOS = YES_AGGRESSIVE;
				GCC_WARN_UNUSED_FUNCTION = YES;
				GCC_WARN_UNUSED_VARIABLE = YES;
				IPHONEOS_DEPLOYMENT_TARGET = 15.4;
				MTL_ENABLE_DEBUG_INFO = NO;
				MTL_FAST_MATH = YES;
				SDKROOT = iphoneos;
				SWIFT_COMPILATION_MODE = wholemodule;
				SWIFT_OPTIMIZATION_LEVEL = "-O";
				VALIDATE_PRODUCT = YES;
			};
			name = Release;
		};
		251F9204282A9EC700D91309 /* Debug */ = {
			isa = XCBuildConfiguration;
			buildSettings = {
				ASSETCATALOG_COMPILER_APPICON_NAME = AppIcon;
				ASSETCATALOG_COMPILER_GLOBAL_ACCENT_COLOR_NAME = AccentColor;
				CODE_SIGN_STYLE = Automatic;
				CURRENT_PROJECT_VERSION = 1;
				DEVELOPMENT_ASSET_PATHS = "\"Catalogue/Preview Content\"";
				ENABLE_PREVIEWS = YES;
				GENERATE_INFOPLIST_FILE = YES;
				INFOPLIST_KEY_UIApplicationSceneManifest_Generation = YES;
				INFOPLIST_KEY_UIApplicationSupportsIndirectInputEvents = YES;
				INFOPLIST_KEY_UILaunchScreen_Generation = YES;
				INFOPLIST_KEY_UISupportedInterfaceOrientations_iPad = "UIInterfaceOrientationPortrait UIInterfaceOrientationPortraitUpsideDown UIInterfaceOrientationLandscapeLeft UIInterfaceOrientationLandscapeRight";
				INFOPLIST_KEY_UISupportedInterfaceOrientations_iPhone = "UIInterfaceOrientationPortrait UIInterfaceOrientationLandscapeLeft UIInterfaceOrientationLandscapeRight";
				LD_RUNPATH_SEARCH_PATHS = (
					"$(inherited)",
					"@executable_path/Frameworks",
				);
				MARKETING_VERSION = 1.0;
				PRODUCT_BUNDLE_IDENTIFIER = game.Catalogue;
				PRODUCT_NAME = "$(TARGET_NAME)";
				SWIFT_EMIT_LOC_STRINGS = YES;
				SWIFT_VERSION = 5.0;
				TARGETED_DEVICE_FAMILY = "1,2";
			};
			name = Debug;
		};
		251F9205282A9EC700D91309 /* Release */ = {
			isa = XCBuildConfiguration;
			buildSettings = {
				ASSETCATALOG_COMPILER_APPICON_NAME = AppIcon;
				ASSETCATALOG_COMPILER_GLOBAL_ACCENT_COLOR_NAME = AccentColor;
				CODE_SIGN_STYLE = Automatic;
				CURRENT_PROJECT_VERSION = 1;
				DEVELOPMENT_ASSET_PATHS = "\"Catalogue/Preview Content\"";
				ENABLE_PREVIEWS = YES;
				GENERATE_INFOPLIST_FILE = YES;
				INFOPLIST_KEY_UIApplicationSceneManifest_Generation = YES;
				INFOPLIST_KEY_UIApplicationSupportsIndirectInputEvents = YES;
				INFOPLIST_KEY_UILaunchScreen_Generation = YES;
				INFOPLIST_KEY_UISupportedInterfaceOrientations_iPad = "UIInterfaceOrientationPortrait UIInterfaceOrientationPortraitUpsideDown UIInterfaceOrientationLandscapeLeft UIInterfaceOrientationLandscapeRight";
				INFOPLIST_KEY_UISupportedInterfaceOrientations_iPhone = "UIInterfaceOrientationPortrait UIInterfaceOrientationLandscapeLeft UIInterfaceOrientationLandscapeRight";
				LD_RUNPATH_SEARCH_PATHS = (
					"$(inherited)",
					"@executable_path/Frameworks",
				);
				MARKETING_VERSION = 1.0;
				PRODUCT_BUNDLE_IDENTIFIER = game.Catalogue;
				PRODUCT_NAME = "$(TARGET_NAME)";
				SWIFT_EMIT_LOC_STRINGS = YES;
				SWIFT_VERSION = 5.0;
				TARGETED_DEVICE_FAMILY = "1,2";
			};
			name = Release;
		};
/* End XCBuildConfiguration section */

/* Begin XCConfigurationList section */
		251F91F0282A9EC500D91309 /* Build configuration list for PBXProject "Catalogue" */ = {
			isa = XCConfigurationList;
			buildConfigurations = (
				251F9201282A9EC700D91309 /* Debug */,
				251F9202282A9EC700D91309 /* Release */,
			);
			defaultConfigurationIsVisible = 0;
			defaultConfigurationName = Release;
		};
		251F9203282A9EC700D91309 /* Build configuration list for PBXNativeTarget "Catalogue" */ = {
			isa = XCConfigurationList;
			buildConfigurations = (
				251F9204282A9EC700D91309 /* Debug */,
				251F9205282A9EC700D91309 /* Release */,
			);
			defaultConfigurationIsVisible = 0;
			defaultConfigurationName = Release;
		};
/* End XCConfigurationList section */
	};
	rootObject = 251F91ED282A9EC500D91309 /* Project object */;
}
